PODS:
  - babstrap_settings_screen (0.0.1):
    - Flutter
  - Flutter (1.0.0)

DEPENDENCIES:
  - babstrap_settings_screen (from `.symlinks/plugins/babstrap_settings_screen/ios`)
  - Flutter (from `Flutter`)

EXTERNAL SOURCES:
  babstrap_settings_screen:
    :path: ".symlinks/plugins/babstrap_settings_screen/ios"
  Flutter:
    :path: Flutter

SPEC CHECKSUMS:
  babstrap_settings_screen: 51c832e89db990fc6e64500db0f0e68bcb84fbca
  Flutter: cabc95a1d2626b1b06e7179b784ebcf0c0cde467

PODFILE CHECKSUM: 0dbd5a87e0ace00c9610d2037ac22083a01f861d

COCOAPODS: 1.16.2
